{
  "object": {
    "pins": [
      {
        "package": "Lumber",
        "repositoryURL": "https://github.com/infinitetoken/Lumber",
        "state": {
          "branch": null,
          "revision": "ee587c8b6377f2dc61ef2d0b8be445a91f7ab133",
          "version": "2.6.0"
        }
      },
      {
        "package": "Pinball",
        "repositoryURL": "https://github.com/infinitetoken/Pinball",
        "state": {
          "branch": null,
          "revision": "d048fb2a20d322d70817b8ab47116d90a73faa88",
          "version": "1.5.0"
        }
      }
    ]
  },
  "version": 1
}
