{
  "object": {
    "pins": [
      {
        "package": "Lumber",
        "repositoryURL": "https://github.com/infinitetoken/Lumber",
        "state": {
          "branch": null,
          "revision": "fc11cdba0ea5078da8f4d70de2048a195209fb0f",
          "version": "2.5.0"
        }
      },
      {
        "package": "Pinball",
        "repositoryURL": "https://github.com/infinitetoken/Pinball",
        "state": {
          "branch": null,
          "revision": "0cc031441e5f11c24fb83fb08a551f6093357414",
          "version": "1.3.0"
        }
      }
    ]
  },
  "version": 1
}
