{
  "object": {
    "pins": [
      {
        "package": "Lumber",
        "repositoryURL": "https://github.com/infinitetoken/Lumber-Swift",
        "state": {
          "branch": null,
          "revision": "a5a45027856e6c3c5dcdba678529e9416be169ce",
          "version": "2.6.1"
        }
      },
      {
        "package": "Pinball",
        "repositoryURL": "https://github.com/infinitetoken/Pinball",
        "state": {
          "branch": null,
          "revision": "d048fb2a20d322d70817b8ab47116d90a73faa88",
          "version": "1.5.0"
        }
      }
    ]
  },
  "version": 1
}
